lockfileVersion: '9.0'

settings:
  autoInstallPeers: true
  excludeLinksFromLockfile: false

importers:

  .:
    devDependencies:
      '@types/node':
        specifier: ^25.0.1
        version: 25.5.0
      '@typescript/native-preview':
        specifier: ^7.0.0-dev.20260227.1
        version: 7.0.0-dev.20260401.1
      oxlint:
        specifier: ^1.50.0
        version: 1.58.0

packages:

  '@oxlint/binding-android-arm-eabi@1.58.0':
    resolution: {integrity: sha512-1T7UN3SsWWxpWyWGn1cT3ASNJOo+pI3eUkmEl7HgtowapcV8kslYpFQcYn431VuxghXakPNlbjRwhqmR37PFOg==}
    engines: {node: ^20.19.0 || >=22.12.0}
    cpu: [arm]
    os: [android]

  '@oxlint/binding-android-arm64@1.58.0':
    resolution: {integrity: sha512-GryzujxuiRv2YFF7bRy8mKcxlbuAN+euVUtGJt9KKbLT8JBUIosamVhcthLh+VEr6KE6cjeVMAQxKAzJcoN7dg==}
    engines: {node: ^20.19.0 || >=22.12.0}
    cpu: [arm64]
    os: [android]

  '@oxlint/binding-darwin-arm64@1.58.0':
    resolution: {integrity: sha512-7/bRSJIwl4GxeZL9rPZ11anNTyUO9epZrfEJH/ZMla3+/gbQ6xZixh9nOhsZ0QwsTW7/5J2A/fHbD1udC5DQQA==}
    engines: {node: ^20.19.0 || >=22.12.0}
    cpu: [arm64]
    os: [darwin]

  '@oxlint/binding-darwin-x64@1.58.0':
    resolution: {integrity: sha512-EqdtJSiHweS2vfILNrpyJ6HUwpEq2g7+4Zx1FPi4hu3Hu7tC3znF6ufbXO8Ub2LD4mGgznjI7kSdku9NDD1Mkg==}
    engines: {node: ^20.19.0 || >=22.12.0}
    cpu: [x64]
    os: [darwin]

  '@oxlint/binding-freebsd-x64@1.58.0':
    resolution: {integrity: sha512-VQt5TH4M42mY20F545G637RKxV/yjwVtKk2vfXuazfReSIiuvWBnv+FVSvIV5fKVTJNjt3GSJibh6JecbhGdBw==}
    engines: {node: ^20.19.0 || >=22.12.0}
    cpu: [x64]
    os: [freebsd]

  '@oxlint/binding-linux-arm-gnueabihf@1.58.0':
    resolution: {integrity: sha512-fBYcj4ucwpAtjJT3oeBdFBYKvNyjRSK+cyuvBOTQjh0jvKp4yeA4S/D0IsCHus/VPaNG5L48qQkh+Vjy3HL2/Q==}
    engines: {node: ^20.19.0 || >=22.12.0}
    cpu: [arm]
    os: [linux]

  '@oxlint/binding-linux-arm-musleabihf@1.58.0':
    resolution: {integrity: sha512-0BeuFfwlUHlJ1xpEdSD1YO3vByEFGPg36uLjK1JgFaxFb4W6w17F8ET8sz5cheZ4+x5f2xzdnRrrWv83E3Yd8g==}
    engines: {node: ^20.19.0 || >=22.12.0}
    cpu: [arm]
    os: [linux]

  '@oxlint/binding-linux-arm64-gnu@1.58.0':
    resolution: {integrity: sha512-TXlZgnPTlxrQzxG9ZXU7BNwx1Ilrr17P3GwZY0If2EzrinqRH3zXPc3HrRcBJgcsoZNMuNL5YivtkJYgp467UQ==}
    engines: {node: ^20.19.0 || >=22.12.0}
    cpu: [arm64]
    os: [linux]
    libc: [glibc]

  '@oxlint/binding-linux-arm64-musl@1.58.0':
    resolution: {integrity: sha512-zSoYRo5dxHLcUx93Stl2hW3hSNjPt99O70eRVWt5A1zwJ+FPjeCCANCD2a9R4JbHsdcl11TIQOjyigcRVOH2mw==}
    engines: {node: ^20.19.0 || >=22.12.0}
    cpu: [arm64]
    os: [linux]
    libc: [musl]

  '@oxlint/binding-linux-ppc64-gnu@1.58.0':
    resolution: {integrity: sha512-NQ0U/lqxH2/VxBYeAIvMNUK1y0a1bJ3ZicqkF2c6wfakbEciP9jvIE4yNzCFpZaqeIeRYaV7AVGqEO1yrfVPjA==}
    engines: {node: ^20.19.0 || >=22.12.0}
    cpu: [ppc64]
    os: [linux]
    libc: [glibc]

  '@oxlint/binding-linux-riscv64-gnu@1.58.0':
    resolution: {integrity: sha512-X9J+kr3gIC9FT8GuZt0ekzpNUtkBVzMVU4KiKDSlocyQuEgi3gBbXYN8UkQiV77FTusLDPsovjo95YedHr+3yg==}
    engines: {node: ^20.19.0 || >=22.12.0}
    cpu: [riscv64]
    os: [linux]
    libc: [glibc]

  '@oxlint/binding-linux-riscv64-musl@1.58.0':
    resolution: {integrity: sha512-CDze3pi1OO3Wvb/QsXjmLEY4XPKGM6kIo82ssNOgmcl1IdndF9VSGAE38YLhADWmOac7fjqhBw82LozuUVxD0Q==}
    engines: {node: ^20.19.0 || >=22.12.0}
    cpu: [riscv64]
    os: [linux]
    libc: [musl]

  '@oxlint/binding-linux-s390x-gnu@1.58.0':
    resolution: {integrity: sha512-b/89glbxFaEAcA6Uf1FvCNecBJEgcUTsV1quzrqXM/o4R1M4u+2KCVuyGCayN2UpsRWtGGLb+Ver0tBBpxaPog==}
    engines: {node: ^20.19.0 || >=22.12.0}
    cpu: [s390x]
    os: [linux]
    libc: [glibc]

  '@oxlint/binding-linux-x64-gnu@1.58.0':
    resolution: {integrity: sha512-0/yYpkq9VJFCEcuRlrViGj8pJUFFvNS4EkEREaN7CB1EcLXJIaVSSa5eCihwBGXtOZxhnblWgxks9juRdNQI7w==}
    engines: {node: ^20.19.0 || >=22.12.0}
    cpu: [x64]
    os: [linux]
    libc: [glibc]

  '@oxlint/binding-linux-x64-musl@1.58.0':
    resolution: {integrity: sha512-hr6FNvmcAXiH+JxSvaJ4SJ1HofkdqEElXICW9sm3/Rd5eC3t7kzvmLyRAB3NngKO2wzXRCAm4Z/mGWfrsS4X8w==}
    engines: {node: ^20.19.0 || >=22.12.0}
    cpu: [x64]
    os: [linux]
    libc: [musl]

  '@oxlint/binding-openharmony-arm64@1.58.0':
    resolution: {integrity: sha512-R+O368VXgRql1K6Xar+FEo7NEwfo13EibPMoTv3sesYQedRXd6m30Dh/7lZMxnrQVFfeo4EOfYIP4FpcgWQNHg==}
    engines: {node: ^20.19.0 || >=22.12.0}
    cpu: [arm64]
    os: [openharmony]

  '@oxlint/binding-win32-arm64-msvc@1.58.0':
    resolution: {integrity: sha512-Q0FZiAY/3c4YRj4z3h9K1PgaByrifrfbBoODSeX7gy97UtB7pySPUQfC2B/GbxWU6k7CzQrRy5gME10PltLAFQ==}
    engines: {node: ^20.19.0 || >=22.12.0}
    cpu: [arm64]
    os: [win32]

  '@oxlint/binding-win32-ia32-msvc@1.58.0':
    resolution: {integrity: sha512-Y8FKBABrSPp9H0QkRLHDHOSUgM/309a3IvOVgPcVxYcX70wxJrk608CuTg7w+C6vEd724X5wJoNkBcGYfH7nNQ==}
    engines: {node: ^20.19.0 || >=22.12.0}
    cpu: [ia32]
    os: [win32]

  '@oxlint/binding-win32-x64-msvc@1.58.0':
    resolution: {integrity: sha512-bCn5rbiz5My+Bj7M09sDcnqW0QJyINRVxdZ65x1/Y2tGrMwherwK/lpk+HRQCKvXa8pcaQdF5KY5j54VGZLwNg==}
    engines: {node: ^20.19.0 || >=22.12.0}
    cpu: [x64]
    os: [win32]

  '@types/node@25.5.0':
    resolution: {integrity: sha512-jp2P3tQMSxWugkCUKLRPVUpGaL5MVFwF8RDuSRztfwgN1wmqJeMSbKlnEtQqU8UrhTmzEmZdu2I6v2dpp7XIxw==}

  '@typescript/native-preview-darwin-arm64@7.0.0-dev.20260401.1':
    resolution: {integrity: sha512-9PCc1D4/zLic30g1upOw6ZmUl98fnrXYRv5wIZ6fxm1zZAObieRKUX3Jbr8M9N8iQQFxPIZPniIScsxAbmbJvw==}
    cpu: [arm64]
    os: [darwin]

  '@typescript/native-preview-darwin-x64@7.0.0-dev.20260401.1':
    resolution: {integrity: sha512-wwzca1KrjSVC6ApXfITsg/wF4GGbhVYebc7zChpuyi+phrHfw6ThTPB5XFUH4nA32vqw0Hn/6KACipMgzg8GPA==}
    cpu: [x64]
    os: [darwin]

  '@typescript/native-preview-linux-arm64@7.0.0-dev.20260401.1':
    resolution: {integrity: sha512-1hgKibGi4QZF1J0hKltgY4nj4yKDmI4Ang5ar80I+YeUdGxV/fP2kU3bJang7QtHuSso6W+a52SF62zgqbzdow==}
    cpu: [arm64]
    os: [linux]

  '@typescript/native-preview-linux-arm@7.0.0-dev.20260401.1':
    resolution: {integrity: sha512-bbIkRZYjtyoyCJ3wFES7qn3EwYO5Go1hxArL5X5oWiBmUHq5gMIxTZDv5mpWxopVf9Eyh4ErHefXjf1s4J+6Ag==}
    cpu: [arm]
    os: [linux]

  '@typescript/native-preview-linux-x64@7.0.0-dev.20260401.1':
    resolution: {integrity: sha512-1ysZ4c/Wa3RYIlrwVceYlhb1m1hxQ4P2x92valZXH0bNWEPb+oiQ4Yf35O/vi5h8zDdX/ZQ59vivYl27cF1VVA==}
    cpu: [x64]
    os: [linux]

  '@typescript/native-preview-win32-arm64@7.0.0-dev.20260401.1':
    resolution: {integrity: sha512-fZYLCRe36y1BuzRFFpU2/RQ212l6Y1dccRMh8oTB8HlAVAAwtbkb6cjEn0Ablj4Dy16+Ih8R9uHsxPLNhtKw1Q==}
    cpu: [arm64]
    os: [win32]

  '@typescript/native-preview-win32-x64@7.0.0-dev.20260401.1':
    resolution: {integrity: sha512-I6ses4SjWvpbvSpm1BPFRrDeqrzu7JTchJG/a26iwwmTLv4fAGLc5/o6Kv9Naygozop1W3KOcVM5i3A9oxiIjQ==}
    cpu: [x64]
    os: [win32]

  '@typescript/native-preview@7.0.0-dev.20260401.1':
    resolution: {integrity: sha512-xJcN9WlY/P6xKjCMH4+DTzZSj/EKR6H9avuqUKs4eKyPEvaQ4bX+9Ys3Vl2qhlUaD7IRWY7HN7db0LHAGlWRSA==}
    hasBin: true

  oxlint@1.58.0:
    resolution: {integrity: sha512-t4s9leczDMqlvOSjnbCQe7gtoLkWgBGZ7sBdCJ9EOj5IXFSG/X7OAzK4yuH4iW+4cAYe8kLFbC8tuYMwWZm+Cg==}
    engines: {node: ^20.19.0 || >=22.12.0}
    hasBin: true
    peerDependencies:
      oxlint-tsgolint: '>=0.18.0'
    peerDependenciesMeta:
      oxlint-tsgolint:
        optional: true

  undici-types@7.18.2:
    resolution: {integrity: sha512-AsuCzffGHJybSaRrmr5eHr81mwJU3kjw6M+uprWvCXiNeN9SOGwQ3Jn8jb8m3Z6izVgknn1R0FTCEAP2QrLY/w==}

snapshots:

  '@oxlint/binding-android-arm-eabi@1.58.0':
    optional: true

  '@oxlint/binding-android-arm64@1.58.0':
    optional: true

  '@oxlint/binding-darwin-arm64@1.58.0':
    optional: true

  '@oxlint/binding-darwin-x64@1.58.0':
    optional: true

  '@oxlint/binding-freebsd-x64@1.58.0':
    optional: true

  '@oxlint/binding-linux-arm-gnueabihf@1.58.0':
    optional: true

  '@oxlint/binding-linux-arm-musleabihf@1.58.0':
    optional: true

  '@oxlint/binding-linux-arm64-gnu@1.58.0':
    optional: true

  '@oxlint/binding-linux-arm64-musl@1.58.0':
    optional: true

  '@oxlint/binding-linux-ppc64-gnu@1.58.0':
    optional: true

  '@oxlint/binding-linux-riscv64-gnu@1.58.0':
    optional: true

  '@oxlint/binding-linux-riscv64-musl@1.58.0':
    optional: true

  '@oxlint/binding-linux-s390x-gnu@1.58.0':
    optional: true

  '@oxlint/binding-linux-x64-gnu@1.58.0':
    optional: true

  '@oxlint/binding-linux-x64-musl@1.58.0':
    optional: true

  '@oxlint/binding-openharmony-arm64@1.58.0':
    optional: true

  '@oxlint/binding-win32-arm64-msvc@1.58.0':
    optional: true

  '@oxlint/binding-win32-ia32-msvc@1.58.0':
    optional: true

  '@oxlint/binding-win32-x64-msvc@1.58.0':
    optional: true

  '@types/node@25.5.0':
    dependencies:
      undici-types: 7.18.2

  '@typescript/native-preview-darwin-arm64@7.0.0-dev.20260401.1':
    optional: true

  '@typescript/native-preview-darwin-x64@7.0.0-dev.20260401.1':
    optional: true

  '@typescript/native-preview-linux-arm64@7.0.0-dev.20260401.1':
    optional: true

  '@typescript/native-preview-linux-arm@7.0.0-dev.20260401.1':
    optional: true

  '@typescript/native-preview-linux-x64@7.0.0-dev.20260401.1':
    optional: true

  '@typescript/native-preview-win32-arm64@7.0.0-dev.20260401.1':
    optional: true

  '@typescript/native-preview-win32-x64@7.0.0-dev.20260401.1':
    optional: true

  '@typescript/native-preview@7.0.0-dev.20260401.1':
    optionalDependencies:
      '@typescript/native-preview-darwin-arm64': 7.0.0-dev.20260401.1
      '@typescript/native-preview-darwin-x64': 7.0.0-dev.20260401.1
      '@typescript/native-preview-linux-arm': 7.0.0-dev.20260401.1
      '@typescript/native-preview-linux-arm64': 7.0.0-dev.20260401.1
      '@typescript/native-preview-linux-x64': 7.0.0-dev.20260401.1
      '@typescript/native-preview-win32-arm64': 7.0.0-dev.20260401.1
      '@typescript/native-preview-win32-x64': 7.0.0-dev.20260401.1

  oxlint@1.58.0:
    optionalDependencies:
      '@oxlint/binding-android-arm-eabi': 1.58.0
      '@oxlint/binding-android-arm64': 1.58.0
      '@oxlint/binding-darwin-arm64': 1.58.0
      '@oxlint/binding-darwin-x64': 1.58.0
      '@oxlint/binding-freebsd-x64': 1.58.0
      '@oxlint/binding-linux-arm-gnueabihf': 1.58.0
      '@oxlint/binding-linux-arm-musleabihf': 1.58.0
      '@oxlint/binding-linux-arm64-gnu': 1.58.0
      '@oxlint/binding-linux-arm64-musl': 1.58.0
      '@oxlint/binding-linux-ppc64-gnu': 1.58.0
      '@oxlint/binding-linux-riscv64-gnu': 1.58.0
      '@oxlint/binding-linux-riscv64-musl': 1.58.0
      '@oxlint/binding-linux-s390x-gnu': 1.58.0
      '@oxlint/binding-linux-x64-gnu': 1.58.0
      '@oxlint/binding-linux-x64-musl': 1.58.0
      '@oxlint/binding-openharmony-arm64': 1.58.0
      '@oxlint/binding-win32-arm64-msvc': 1.58.0
      '@oxlint/binding-win32-ia32-msvc': 1.58.0
      '@oxlint/binding-win32-x64-msvc': 1.58.0

  undici-types@7.18.2: {}
