lockfileVersion: '9.0'

settings:
  autoInstallPeers: true
  excludeLinksFromLockfile: false

importers:

  .:
    devDependencies:
      '@types/node':
        specifier: ^25.0.1
        version: 25.4.0
      '@typescript/native-preview':
        specifier: ^7.0.0-dev.20260227.1
        version: 7.0.0-dev.20260309.1
      oxlint:
        specifier: ^1.50.0
        version: 1.55.0

packages:

  '@oxlint/binding-android-arm-eabi@1.55.0':
    resolution: {integrity: sha512-NhvgAhncTSOhRahQSCnkK/4YIGPjTmhPurQQ2dwt2IvwCMTvZRW5vF2K10UBOxFve4GZDMw6LtXZdC2qeuYIVQ==}
    engines: {node: ^20.19.0 || >=22.12.0}
    cpu: [arm]
    os: [android]

  '@oxlint/binding-android-arm64@1.55.0':
    resolution: {integrity: sha512-P9iWRh+Ugqhg+D7rkc7boHX8o3H2h7YPcZHQIgvVBgnua5tk4LR2L+IBlreZs58/95cd2x3/004p5VsQM9z4SA==}
    engines: {node: ^20.19.0 || >=22.12.0}
    cpu: [arm64]
    os: [android]

  '@oxlint/binding-darwin-arm64@1.55.0':
    resolution: {integrity: sha512-esakkJIt7WFAhT30P/Qzn96ehFpzdZ1mNuzpOb8SCW7lI4oB8VsyQnkSHREM671jfpuBb/o2ppzBCx5l0jpgMA==}
    engines: {node: ^20.19.0 || >=22.12.0}
    cpu: [arm64]
    os: [darwin]

  '@oxlint/binding-darwin-x64@1.55.0':
    resolution: {integrity: sha512-xDMFRCCAEK9fOH6As2z8ELsC+VDGSFRHwIKVSilw+xhgLwTDFu37rtmRbmUlx8rRGS6cWKQPTc47AVxAZEVVPQ==}
    engines: {node: ^20.19.0 || >=22.12.0}
    cpu: [x64]
    os: [darwin]

  '@oxlint/binding-freebsd-x64@1.55.0':
    resolution: {integrity: sha512-mYZqnwUD7ALCRxGenyLd1uuG+rHCL+OTT6S8FcAbVm/ZT2AZMGjvibp3F6k1SKOb2aeqFATmwRykrE41Q0GWVw==}
    engines: {node: ^20.19.0 || >=22.12.0}
    cpu: [x64]
    os: [freebsd]

  '@oxlint/binding-linux-arm-gnueabihf@1.55.0':
    resolution: {integrity: sha512-LcX6RYcF9vL9ESGwJW3yyIZ/d/ouzdOKXxCdey1q0XJOW1asrHsIg5MmyKdEBR4plQx+shvYeQne7AzW5f3T1w==}
    engines: {node: ^20.19.0 || >=22.12.0}
    cpu: [arm]
    os: [linux]

  '@oxlint/binding-linux-arm-musleabihf@1.55.0':
    resolution: {integrity: sha512-C+8GS1rPtK+dI7mJFkqoRBkDuqbrNihnyYQsJPS9ez+8zF9JzfvU19lawqt4l/Y23o5uQswE/DORa8aiXUih3w==}
    engines: {node: ^20.19.0 || >=22.12.0}
    cpu: [arm]
    os: [linux]

  '@oxlint/binding-linux-arm64-gnu@1.55.0':
    resolution: {integrity: sha512-ErLE4XbmcCopA4/CIDiH6J1IAaDOMnf/KSx/aFObs4/OjAAM3sFKWGZ57pNOMxhhyBdcmcXwYymph9GwcpcqgQ==}
    engines: {node: ^20.19.0 || >=22.12.0}
    cpu: [arm64]
    os: [linux]
    libc: [glibc]

  '@oxlint/binding-linux-arm64-musl@1.55.0':
    resolution: {integrity: sha512-/kp65avi6zZfqEng56TTuhiy3P/3pgklKIdf38yvYeJ9/PgEeRA2A2AqKAKbZBNAqUzrzHhz9jF6j/PZvhJzTQ==}
    engines: {node: ^20.19.0 || >=22.12.0}
    cpu: [arm64]
    os: [linux]
    libc: [musl]

  '@oxlint/binding-linux-ppc64-gnu@1.55.0':
    resolution: {integrity: sha512-A6pTdXwcEEwL/nmz0eUJ6WxmxcoIS+97GbH96gikAyre3s5deC7sts38ZVVowjS2QQFuSWkpA4ZmQC0jZSNvJQ==}
    engines: {node: ^20.19.0 || >=22.12.0}
    cpu: [ppc64]
    os: [linux]
    libc: [glibc]

  '@oxlint/binding-linux-riscv64-gnu@1.55.0':
    resolution: {integrity: sha512-clj0lnIN+V52G9tdtZl0LbdTSurnZ1NZj92Je5X4lC7gP5jiCSW+Y/oiDiSauBAD4wrHt2S7nN3pA0zfKYK/6Q==}
    engines: {node: ^20.19.0 || >=22.12.0}
    cpu: [riscv64]
    os: [linux]
    libc: [glibc]

  '@oxlint/binding-linux-riscv64-musl@1.55.0':
    resolution: {integrity: sha512-NNu08pllN5x/O94/sgR3DA8lbrGBnTHsINZZR0hcav1sj79ksTiKKm1mRzvZvacwQ0hUnGinFo+JO75ok2PxYg==}
    engines: {node: ^20.19.0 || >=22.12.0}
    cpu: [riscv64]
    os: [linux]
    libc: [musl]

  '@oxlint/binding-linux-s390x-gnu@1.55.0':
    resolution: {integrity: sha512-BvfQz3PRlWZRoEZ17dZCqgQsMRdpzGZomJkVATwCIGhHVVeHJMQdmdXPSjcT1DCNUrOjXnVyj1RGDj5+/Je2+Q==}
    engines: {node: ^20.19.0 || >=22.12.0}
    cpu: [s390x]
    os: [linux]
    libc: [glibc]

  '@oxlint/binding-linux-x64-gnu@1.55.0':
    resolution: {integrity: sha512-ngSOoFCSBMKVQd24H8zkbcBNc7EHhjnF1sv3mC9NNXQ/4rRjI/4Dj9+9XoDZeFEkF1SX1COSBXF1b2Pr9rqdEw==}
    engines: {node: ^20.19.0 || >=22.12.0}
    cpu: [x64]
    os: [linux]
    libc: [glibc]

  '@oxlint/binding-linux-x64-musl@1.55.0':
    resolution: {integrity: sha512-BDpP7W8GlaG7BR6QjGZAleYzxoyKc/D24spZIF2mB3XsfALQJJT/OBmP8YpeTb1rveFSBHzl8T7l0aqwkWNdGA==}
    engines: {node: ^20.19.0 || >=22.12.0}
    cpu: [x64]
    os: [linux]
    libc: [musl]

  '@oxlint/binding-openharmony-arm64@1.55.0':
    resolution: {integrity: sha512-PS6GFvmde/pc3fCA2Srt51glr8Lcxhpf6WIBFfLphndjRrD34NEcses4TSxQrEcxYo6qVywGfylM0ZhSCF2gGA==}
    engines: {node: ^20.19.0 || >=22.12.0}
    cpu: [arm64]
    os: [openharmony]

  '@oxlint/binding-win32-arm64-msvc@1.55.0':
    resolution: {integrity: sha512-P6JcLJGs/q1UOvDLzN8otd9JsH4tsuuPDv+p7aHqHM3PrKmYdmUvkNj4K327PTd35AYcznOCN+l4ZOaq76QzSw==}
    engines: {node: ^20.19.0 || >=22.12.0}
    cpu: [arm64]
    os: [win32]

  '@oxlint/binding-win32-ia32-msvc@1.55.0':
    resolution: {integrity: sha512-gzkk4zE2zsE+WmRxFOiAZHpCpUNDFytEakqNXoNHW+PnYEOTPKDdW6nrzgSeTbGKVPXNAKQnRnMgrh7+n3Xueg==}
    engines: {node: ^20.19.0 || >=22.12.0}
    cpu: [ia32]
    os: [win32]

  '@oxlint/binding-win32-x64-msvc@1.55.0':
    resolution: {integrity: sha512-ZFALNow2/og75gvYzNP7qe+rREQ5xunktwA+lgykoozHZ6hw9bqg4fn5j2UvG4gIn1FXqrZHkOAXuPf5+GOYTQ==}
    engines: {node: ^20.19.0 || >=22.12.0}
    cpu: [x64]
    os: [win32]

  '@types/node@25.4.0':
    resolution: {integrity: sha512-9wLpoeWuBlcbBpOY3XmzSTG3oscB6xjBEEtn+pYXTfhyXhIxC5FsBer2KTopBlvKEiW9l13po9fq+SJY/5lkhw==}

  '@typescript/native-preview-darwin-arm64@7.0.0-dev.20260309.1':
    resolution: {integrity: sha512-Vszk6vbONyyT47mUTEFNAXk+bJisM8F0pI+MyNPM8i2oorex7Gbp7ivFUGzdZHRFPDXMrlw6AXmgx1U2tZxiHw==}
    cpu: [arm64]
    os: [darwin]

  '@typescript/native-preview-darwin-x64@7.0.0-dev.20260309.1':
    resolution: {integrity: sha512-UmmW/L1fW6URMILx5HqxcL2kElOyTYbY6M8yRMQK7gmBzsbkGj37JYN+WZgPkz/PQCVsxwIFcot6WmKRRXeBxQ==}
    cpu: [x64]
    os: [darwin]

  '@typescript/native-preview-linux-arm64@7.0.0-dev.20260309.1':
    resolution: {integrity: sha512-sN5rQRvqre8JHUISJhybUQ1e4a+mb/Ifa+uWHJawJ2tojTXWkU1rJTZBnAN3/XeoIJgeSdaZQAZRDlW9B7zbvw==}
    cpu: [arm64]
    os: [linux]

  '@typescript/native-preview-linux-arm@7.0.0-dev.20260309.1':
    resolution: {integrity: sha512-G5zgoOZP2NjZ1kga9mend2in1e3C+Mm3XufelVZ9RwWRka744s6KxAsen853LizCrxBh58foj9pPVnH6gKUJvg==}
    cpu: [arm]
    os: [linux]

  '@typescript/native-preview-linux-x64@7.0.0-dev.20260309.1':
    resolution: {integrity: sha512-ZuHu9Sg4/akGSrO49hKLNKwrFXx7AZ2CS3PcTd85cC4nKudqB1aGD9rHxZZZyClj++e0qcNQ+4eTMn1sxDA9VQ==}
    cpu: [x64]
    os: [linux]

  '@typescript/native-preview-win32-arm64@7.0.0-dev.20260309.1':
    resolution: {integrity: sha512-RNIidoGPsRaALc1znXiWfNARkGptm9e55qYnaz11YPvMrqbRKP9Y6Ipx4Oh/diIeF7y9UYiikeyk7EsyKe//sw==}
    cpu: [arm64]
    os: [win32]

  '@typescript/native-preview-win32-x64@7.0.0-dev.20260309.1':
    resolution: {integrity: sha512-/rEvAKowcoEdL2VeNju8apkGHEmbat10jIn1Sncny1zIaWvaMFw6bhmny+kKwX+9deitMfo9ihLlo5GCPJuMPQ==}
    cpu: [x64]
    os: [win32]

  '@typescript/native-preview@7.0.0-dev.20260309.1':
    resolution: {integrity: sha512-ZK+ExK7scBzUCAXCTtAwUm6QENJ+l3tCDQXNCly4WcGUvbIAWdaiNns4brganGN9nrxxRkC9Rx0CrxvIsn9zHA==}
    hasBin: true

  oxlint@1.55.0:
    resolution: {integrity: sha512-T+FjepiyWpaZMhekqRpH8Z3I4vNM610p6w+Vjfqgj5TZUxHXl7N8N5IPvmOU8U4XdTRxqtNNTh9Y4hLtr7yvFg==}
    engines: {node: ^20.19.0 || >=22.12.0}
    hasBin: true
    peerDependencies:
      oxlint-tsgolint: '>=0.15.0'
    peerDependenciesMeta:
      oxlint-tsgolint:
        optional: true

  undici-types@7.18.2:
    resolution: {integrity: sha512-AsuCzffGHJybSaRrmr5eHr81mwJU3kjw6M+uprWvCXiNeN9SOGwQ3Jn8jb8m3Z6izVgknn1R0FTCEAP2QrLY/w==}

snapshots:

  '@oxlint/binding-android-arm-eabi@1.55.0':
    optional: true

  '@oxlint/binding-android-arm64@1.55.0':
    optional: true

  '@oxlint/binding-darwin-arm64@1.55.0':
    optional: true

  '@oxlint/binding-darwin-x64@1.55.0':
    optional: true

  '@oxlint/binding-freebsd-x64@1.55.0':
    optional: true

  '@oxlint/binding-linux-arm-gnueabihf@1.55.0':
    optional: true

  '@oxlint/binding-linux-arm-musleabihf@1.55.0':
    optional: true

  '@oxlint/binding-linux-arm64-gnu@1.55.0':
    optional: true

  '@oxlint/binding-linux-arm64-musl@1.55.0':
    optional: true

  '@oxlint/binding-linux-ppc64-gnu@1.55.0':
    optional: true

  '@oxlint/binding-linux-riscv64-gnu@1.55.0':
    optional: true

  '@oxlint/binding-linux-riscv64-musl@1.55.0':
    optional: true

  '@oxlint/binding-linux-s390x-gnu@1.55.0':
    optional: true

  '@oxlint/binding-linux-x64-gnu@1.55.0':
    optional: true

  '@oxlint/binding-linux-x64-musl@1.55.0':
    optional: true

  '@oxlint/binding-openharmony-arm64@1.55.0':
    optional: true

  '@oxlint/binding-win32-arm64-msvc@1.55.0':
    optional: true

  '@oxlint/binding-win32-ia32-msvc@1.55.0':
    optional: true

  '@oxlint/binding-win32-x64-msvc@1.55.0':
    optional: true

  '@types/node@25.4.0':
    dependencies:
      undici-types: 7.18.2

  '@typescript/native-preview-darwin-arm64@7.0.0-dev.20260309.1':
    optional: true

  '@typescript/native-preview-darwin-x64@7.0.0-dev.20260309.1':
    optional: true

  '@typescript/native-preview-linux-arm64@7.0.0-dev.20260309.1':
    optional: true

  '@typescript/native-preview-linux-arm@7.0.0-dev.20260309.1':
    optional: true

  '@typescript/native-preview-linux-x64@7.0.0-dev.20260309.1':
    optional: true

  '@typescript/native-preview-win32-arm64@7.0.0-dev.20260309.1':
    optional: true

  '@typescript/native-preview-win32-x64@7.0.0-dev.20260309.1':
    optional: true

  '@typescript/native-preview@7.0.0-dev.20260309.1':
    optionalDependencies:
      '@typescript/native-preview-darwin-arm64': 7.0.0-dev.20260309.1
      '@typescript/native-preview-darwin-x64': 7.0.0-dev.20260309.1
      '@typescript/native-preview-linux-arm': 7.0.0-dev.20260309.1
      '@typescript/native-preview-linux-arm64': 7.0.0-dev.20260309.1
      '@typescript/native-preview-linux-x64': 7.0.0-dev.20260309.1
      '@typescript/native-preview-win32-arm64': 7.0.0-dev.20260309.1
      '@typescript/native-preview-win32-x64': 7.0.0-dev.20260309.1

  oxlint@1.55.0:
    optionalDependencies:
      '@oxlint/binding-android-arm-eabi': 1.55.0
      '@oxlint/binding-android-arm64': 1.55.0
      '@oxlint/binding-darwin-arm64': 1.55.0
      '@oxlint/binding-darwin-x64': 1.55.0
      '@oxlint/binding-freebsd-x64': 1.55.0
      '@oxlint/binding-linux-arm-gnueabihf': 1.55.0
      '@oxlint/binding-linux-arm-musleabihf': 1.55.0
      '@oxlint/binding-linux-arm64-gnu': 1.55.0
      '@oxlint/binding-linux-arm64-musl': 1.55.0
      '@oxlint/binding-linux-ppc64-gnu': 1.55.0
      '@oxlint/binding-linux-riscv64-gnu': 1.55.0
      '@oxlint/binding-linux-riscv64-musl': 1.55.0
      '@oxlint/binding-linux-s390x-gnu': 1.55.0
      '@oxlint/binding-linux-x64-gnu': 1.55.0
      '@oxlint/binding-linux-x64-musl': 1.55.0
      '@oxlint/binding-openharmony-arm64': 1.55.0
      '@oxlint/binding-win32-arm64-msvc': 1.55.0
      '@oxlint/binding-win32-ia32-msvc': 1.55.0
      '@oxlint/binding-win32-x64-msvc': 1.55.0

  undici-types@7.18.2: {}
