lockfileVersion: '9.0'

settings:
  autoInstallPeers: true
  excludeLinksFromLockfile: false

importers:

  .:
    devDependencies:
      '@types/node':
        specifier: ^25.0.1
        version: 25.4.0
      '@typescript/native-preview':
        specifier: ^7.0.0-dev.20260227.1
        version: 7.0.0-dev.20260309.1
      oxlint:
        specifier: ^1.50.0
        version: 1.52.0

packages:

  '@oxlint/binding-android-arm-eabi@1.52.0':
    resolution: {integrity: sha512-fW2pmR1VzFEdcvOYeSiv+R7CqffOjr9Bv5QmZaHuHJ4ZCqouaF6o48N/hJ3H1n9Zd8PCMFgJkeqUvUsVce01mw==}
    engines: {node: ^20.19.0 || >=22.12.0}
    cpu: [arm]
    os: [android]

  '@oxlint/binding-android-arm64@1.52.0':
    resolution: {integrity: sha512-ptuJljIB+klNi8//qxXyGD51NLJXY9lv40Olc7l3/pEyjejWwXGvGMO0GM6f0JsjmbnDL+VkX7RVQNhByaX8WA==}
    engines: {node: ^20.19.0 || >=22.12.0}
    cpu: [arm64]
    os: [android]

  '@oxlint/binding-darwin-arm64@1.52.0':
    resolution: {integrity: sha512-5d079Uw43BHVZzOwm3uJI2PgSbsZJTpfHDq2jMOR6rRjGiEBlgasaEvAA26VBqpkO1++/59ZCKLBnEpkro3zIg==}
    engines: {node: ^20.19.0 || >=22.12.0}
    cpu: [arm64]
    os: [darwin]

  '@oxlint/binding-darwin-x64@1.52.0':
    resolution: {integrity: sha512-vRTjnhPEHAyfUhO9w6GM1VkxeVXFcDs+huyB5YNMw+Py+6PRYDFFrrOEr0rZYcoGtSH25ScozZV8I1UXrzaDjQ==}
    engines: {node: ^20.19.0 || >=22.12.0}
    cpu: [x64]
    os: [darwin]

  '@oxlint/binding-freebsd-x64@1.52.0':
    resolution: {integrity: sha512-vFthhhciRAliAjoKMsvi7UkkQp/EtMNhmCRYBuKsNiTH0k4H3SFfbuWWr80Q7+uTXijfBP91KO/EeF48RggC7A==}
    engines: {node: ^20.19.0 || >=22.12.0}
    cpu: [x64]
    os: [freebsd]

  '@oxlint/binding-linux-arm-gnueabihf@1.52.0':
    resolution: {integrity: sha512-qX3K4mKbju54ojUa8nigVxxZAUDBGu5MGzpoXvWmiw+7hafoQKaLAoTm94EqRlv9v27p864GQBgc4g3qYtMXXA==}
    engines: {node: ^20.19.0 || >=22.12.0}
    cpu: [arm]
    os: [linux]

  '@oxlint/binding-linux-arm-musleabihf@1.52.0':
    resolution: {integrity: sha512-x5D5/EUS9U4kndPncLB6mDfCsv7i8XcRLu0DZyTngXvyqapc96WwmyyOG2j8Dt26aE8Ykgh6AhsHp9bQtoBUAw==}
    engines: {node: ^20.19.0 || >=22.12.0}
    cpu: [arm]
    os: [linux]

  '@oxlint/binding-linux-arm64-gnu@1.52.0':
    resolution: {integrity: sha512-2Ep1tnGLuGG7lUkKG/nilIJ0/T2rebEcATxMJ7afuhD6Z2Sc9dDcpX00IngAMyR9l6hXrvaOw9YA5HUAJVSENg==}
    engines: {node: ^20.19.0 || >=22.12.0}
    cpu: [arm64]
    os: [linux]
    libc: [glibc]

  '@oxlint/binding-linux-arm64-musl@1.52.0':
    resolution: {integrity: sha512-54wxvb1Pztz0GMgTLUG9HsH8uhZSL4UbG7n4PDxWIRT9TygTVYKfD6D7iasYdKg6ZpWB5Y86VMxgjSJpR/Y7bQ==}
    engines: {node: ^20.19.0 || >=22.12.0}
    cpu: [arm64]
    os: [linux]
    libc: [musl]

  '@oxlint/binding-linux-ppc64-gnu@1.52.0':
    resolution: {integrity: sha512-A82Zks1lJyLclrj8n2tJPHOw2ieZXCaBctnCarS1BRlPQMC1Y98vWCLqgvg9ssWy5ZAja0IjUHN1cYsp53mrqA==}
    engines: {node: ^20.19.0 || >=22.12.0}
    cpu: [ppc64]
    os: [linux]
    libc: [glibc]

  '@oxlint/binding-linux-riscv64-gnu@1.52.0':
    resolution: {integrity: sha512-ci89Ou+u9vnA0r4eQqGm/KPEkpea+QEtZCLKkrOAD/K5ZBwjS8ToID6aMgsDbIOJUNBGufsmX0iCC7EWrNKQFA==}
    engines: {node: ^20.19.0 || >=22.12.0}
    cpu: [riscv64]
    os: [linux]
    libc: [glibc]

  '@oxlint/binding-linux-riscv64-musl@1.52.0':
    resolution: {integrity: sha512-3/+DVDWajFSu69TaYnKkoUgMEcHR3puO8TcBu3fPCKRhbLjgwDiYIVRdvQX0QaSjkNPJARmpYq7vlPHWNo2cUA==}
    engines: {node: ^20.19.0 || >=22.12.0}
    cpu: [riscv64]
    os: [linux]
    libc: [musl]

  '@oxlint/binding-linux-s390x-gnu@1.52.0':
    resolution: {integrity: sha512-BU7CbceOh00NDmY1IYr72qZoj4sJVHB9DCL2tIq2vyNllNJIpZWTxqlzdqmC4FViXWMy8kZNkOa+SdauH+EcoQ==}
    engines: {node: ^20.19.0 || >=22.12.0}
    cpu: [s390x]
    os: [linux]
    libc: [glibc]

  '@oxlint/binding-linux-x64-gnu@1.52.0':
    resolution: {integrity: sha512-JUVZ6TKYl1yArS3xGsNLQlZxgVpjNKtZFja6VxSTDy2ToN7H58PiDRcxWoN2XoIcWlHSvK7pkIPFNOyzdEJ23A==}
    engines: {node: ^20.19.0 || >=22.12.0}
    cpu: [x64]
    os: [linux]
    libc: [glibc]

  '@oxlint/binding-linux-x64-musl@1.52.0':
    resolution: {integrity: sha512-IatLKG6UUbIbTBjBZ9SIAYp4SIvOpYIXPXn9cMLqWxh9HrHsu0fLNL+VQ67y4vdlIleYLeuIHkAp3M6saIN1RQ==}
    engines: {node: ^20.19.0 || >=22.12.0}
    cpu: [x64]
    os: [linux]
    libc: [musl]

  '@oxlint/binding-openharmony-arm64@1.52.0':
    resolution: {integrity: sha512-CWgJ6FepHryuc/lgQWStFf3lcvEkbFLSa9zqO0D0QLVfrdg43I4XItKpL/bnfm4n7obzwgG8j8sBggdoxJQKfw==}
    engines: {node: ^20.19.0 || >=22.12.0}
    cpu: [arm64]
    os: [openharmony]

  '@oxlint/binding-win32-arm64-msvc@1.52.0':
    resolution: {integrity: sha512-EuNAbPpctu8jYMZnvYh53Xw3YVY2nIi9bQlyMjY0eKiJxDv8ikHrAfcVcwTQW9xa5tp0eiMkmW7iHPP5CYUC9Q==}
    engines: {node: ^20.19.0 || >=22.12.0}
    cpu: [arm64]
    os: [win32]

  '@oxlint/binding-win32-ia32-msvc@1.52.0':
    resolution: {integrity: sha512-wu3fquQttzSXwyy8DfdOG3Kyb17yAbRhwPlly7NHSXkrffAEAmZ6+o38tCNgsReGLugbn/wbq4uS4nEQubCq+A==}
    engines: {node: ^20.19.0 || >=22.12.0}
    cpu: [ia32]
    os: [win32]

  '@oxlint/binding-win32-x64-msvc@1.52.0':
    resolution: {integrity: sha512-wikx9I9J9/lPOZlrCCNgm8YjWkia8NZfhWd1TTvZTMguyChbw/oA2VEM6Fzx+kkpA+1qu5Mo7nrLdOXEJavw8g==}
    engines: {node: ^20.19.0 || >=22.12.0}
    cpu: [x64]
    os: [win32]

  '@types/node@25.4.0':
    resolution: {integrity: sha512-9wLpoeWuBlcbBpOY3XmzSTG3oscB6xjBEEtn+pYXTfhyXhIxC5FsBer2KTopBlvKEiW9l13po9fq+SJY/5lkhw==}

  '@typescript/native-preview-darwin-arm64@7.0.0-dev.20260309.1':
    resolution: {integrity: sha512-Vszk6vbONyyT47mUTEFNAXk+bJisM8F0pI+MyNPM8i2oorex7Gbp7ivFUGzdZHRFPDXMrlw6AXmgx1U2tZxiHw==}
    cpu: [arm64]
    os: [darwin]

  '@typescript/native-preview-darwin-x64@7.0.0-dev.20260309.1':
    resolution: {integrity: sha512-UmmW/L1fW6URMILx5HqxcL2kElOyTYbY6M8yRMQK7gmBzsbkGj37JYN+WZgPkz/PQCVsxwIFcot6WmKRRXeBxQ==}
    cpu: [x64]
    os: [darwin]

  '@typescript/native-preview-linux-arm64@7.0.0-dev.20260309.1':
    resolution: {integrity: sha512-sN5rQRvqre8JHUISJhybUQ1e4a+mb/Ifa+uWHJawJ2tojTXWkU1rJTZBnAN3/XeoIJgeSdaZQAZRDlW9B7zbvw==}
    cpu: [arm64]
    os: [linux]

  '@typescript/native-preview-linux-arm@7.0.0-dev.20260309.1':
    resolution: {integrity: sha512-G5zgoOZP2NjZ1kga9mend2in1e3C+Mm3XufelVZ9RwWRka744s6KxAsen853LizCrxBh58foj9pPVnH6gKUJvg==}
    cpu: [arm]
    os: [linux]

  '@typescript/native-preview-linux-x64@7.0.0-dev.20260309.1':
    resolution: {integrity: sha512-ZuHu9Sg4/akGSrO49hKLNKwrFXx7AZ2CS3PcTd85cC4nKudqB1aGD9rHxZZZyClj++e0qcNQ+4eTMn1sxDA9VQ==}
    cpu: [x64]
    os: [linux]

  '@typescript/native-preview-win32-arm64@7.0.0-dev.20260309.1':
    resolution: {integrity: sha512-RNIidoGPsRaALc1znXiWfNARkGptm9e55qYnaz11YPvMrqbRKP9Y6Ipx4Oh/diIeF7y9UYiikeyk7EsyKe//sw==}
    cpu: [arm64]
    os: [win32]

  '@typescript/native-preview-win32-x64@7.0.0-dev.20260309.1':
    resolution: {integrity: sha512-/rEvAKowcoEdL2VeNju8apkGHEmbat10jIn1Sncny1zIaWvaMFw6bhmny+kKwX+9deitMfo9ihLlo5GCPJuMPQ==}
    cpu: [x64]
    os: [win32]

  '@typescript/native-preview@7.0.0-dev.20260309.1':
    resolution: {integrity: sha512-ZK+ExK7scBzUCAXCTtAwUm6QENJ+l3tCDQXNCly4WcGUvbIAWdaiNns4brganGN9nrxxRkC9Rx0CrxvIsn9zHA==}
    hasBin: true

  oxlint@1.52.0:
    resolution: {integrity: sha512-InLldD+6+3iHJGIrtU1W37UIpsg+xoGCemkZCuSQhxUO3evMX+L872ONvbECyRza9k7ScMCukJIK3Al/2ZMDnQ==}
    engines: {node: ^20.19.0 || >=22.12.0}
    hasBin: true
    peerDependencies:
      oxlint-tsgolint: '>=0.15.0'
    peerDependenciesMeta:
      oxlint-tsgolint:
        optional: true

  undici-types@7.18.2:
    resolution: {integrity: sha512-AsuCzffGHJybSaRrmr5eHr81mwJU3kjw6M+uprWvCXiNeN9SOGwQ3Jn8jb8m3Z6izVgknn1R0FTCEAP2QrLY/w==}

snapshots:

  '@oxlint/binding-android-arm-eabi@1.52.0':
    optional: true

  '@oxlint/binding-android-arm64@1.52.0':
    optional: true

  '@oxlint/binding-darwin-arm64@1.52.0':
    optional: true

  '@oxlint/binding-darwin-x64@1.52.0':
    optional: true

  '@oxlint/binding-freebsd-x64@1.52.0':
    optional: true

  '@oxlint/binding-linux-arm-gnueabihf@1.52.0':
    optional: true

  '@oxlint/binding-linux-arm-musleabihf@1.52.0':
    optional: true

  '@oxlint/binding-linux-arm64-gnu@1.52.0':
    optional: true

  '@oxlint/binding-linux-arm64-musl@1.52.0':
    optional: true

  '@oxlint/binding-linux-ppc64-gnu@1.52.0':
    optional: true

  '@oxlint/binding-linux-riscv64-gnu@1.52.0':
    optional: true

  '@oxlint/binding-linux-riscv64-musl@1.52.0':
    optional: true

  '@oxlint/binding-linux-s390x-gnu@1.52.0':
    optional: true

  '@oxlint/binding-linux-x64-gnu@1.52.0':
    optional: true

  '@oxlint/binding-linux-x64-musl@1.52.0':
    optional: true

  '@oxlint/binding-openharmony-arm64@1.52.0':
    optional: true

  '@oxlint/binding-win32-arm64-msvc@1.52.0':
    optional: true

  '@oxlint/binding-win32-ia32-msvc@1.52.0':
    optional: true

  '@oxlint/binding-win32-x64-msvc@1.52.0':
    optional: true

  '@types/node@25.4.0':
    dependencies:
      undici-types: 7.18.2

  '@typescript/native-preview-darwin-arm64@7.0.0-dev.20260309.1':
    optional: true

  '@typescript/native-preview-darwin-x64@7.0.0-dev.20260309.1':
    optional: true

  '@typescript/native-preview-linux-arm64@7.0.0-dev.20260309.1':
    optional: true

  '@typescript/native-preview-linux-arm@7.0.0-dev.20260309.1':
    optional: true

  '@typescript/native-preview-linux-x64@7.0.0-dev.20260309.1':
    optional: true

  '@typescript/native-preview-win32-arm64@7.0.0-dev.20260309.1':
    optional: true

  '@typescript/native-preview-win32-x64@7.0.0-dev.20260309.1':
    optional: true

  '@typescript/native-preview@7.0.0-dev.20260309.1':
    optionalDependencies:
      '@typescript/native-preview-darwin-arm64': 7.0.0-dev.20260309.1
      '@typescript/native-preview-darwin-x64': 7.0.0-dev.20260309.1
      '@typescript/native-preview-linux-arm': 7.0.0-dev.20260309.1
      '@typescript/native-preview-linux-arm64': 7.0.0-dev.20260309.1
      '@typescript/native-preview-linux-x64': 7.0.0-dev.20260309.1
      '@typescript/native-preview-win32-arm64': 7.0.0-dev.20260309.1
      '@typescript/native-preview-win32-x64': 7.0.0-dev.20260309.1

  oxlint@1.52.0:
    optionalDependencies:
      '@oxlint/binding-android-arm-eabi': 1.52.0
      '@oxlint/binding-android-arm64': 1.52.0
      '@oxlint/binding-darwin-arm64': 1.52.0
      '@oxlint/binding-darwin-x64': 1.52.0
      '@oxlint/binding-freebsd-x64': 1.52.0
      '@oxlint/binding-linux-arm-gnueabihf': 1.52.0
      '@oxlint/binding-linux-arm-musleabihf': 1.52.0
      '@oxlint/binding-linux-arm64-gnu': 1.52.0
      '@oxlint/binding-linux-arm64-musl': 1.52.0
      '@oxlint/binding-linux-ppc64-gnu': 1.52.0
      '@oxlint/binding-linux-riscv64-gnu': 1.52.0
      '@oxlint/binding-linux-riscv64-musl': 1.52.0
      '@oxlint/binding-linux-s390x-gnu': 1.52.0
      '@oxlint/binding-linux-x64-gnu': 1.52.0
      '@oxlint/binding-linux-x64-musl': 1.52.0
      '@oxlint/binding-openharmony-arm64': 1.52.0
      '@oxlint/binding-win32-arm64-msvc': 1.52.0
      '@oxlint/binding-win32-ia32-msvc': 1.52.0
      '@oxlint/binding-win32-x64-msvc': 1.52.0

  undici-types@7.18.2: {}
